
Microsoft Visual Studio Solution File, Format Version 12.00
# Visual Studio Version 17
VisualStudioVersion = 17.5.002.0
MinimumVisualStudioVersion = 10.0.40219.1
Project("{2150E333-8FDC-42A3-9474-1A3956D46DE8}") = "EsepWebhook", "EsepWebhook", "{0A6862CF-2948-40C7-9EFB-D29CE82E4A72}"
EndProject
Project("{2150E333-8FDC-42A3-9474-1A3956D46DE8}") = "src", "src", "{68372DE0-CB07-4AB8-B966-6B74F8360FC7}"
EndProject
Project("{9A19103F-16F7-4668-BE54-9A1E7A4F7556}") = "EsepWebhook", "EsepWebhook\src\EsepWebhook\EsepWebhook.csproj", "{3EA7819D-6430-4F46-9CD2-4C9BA94C4D34}"
EndProject
Project("{2150E333-8FDC-42A3-9474-1A3956D46DE8}") = "test", "test", "{3CA8F17F-488E-4E76-86A9-4878EE3BDB8B}"
EndProject
Project("{9A19103F-16F7-4668-BE54-9A1E7A4F7556}") = "EsepWebhook.Tests", "EsepWebhook\test\EsepWebhook.Tests\EsepWebhook.Tests.csproj", "{AC9CA136-F8B5-4C44-B264-6F361AC37970}"
EndProject
Global
	GlobalSection(SolutionConfigurationPlatforms) = preSolution
		Debug|Any CPU = Debug|Any CPU
		Release|Any CPU = Release|Any CPU
	EndGlobalSection
	GlobalSection(ProjectConfigurationPlatforms) = postSolution
		{3EA7819D-6430-4F46-9CD2-4C9BA94C4D34}.Debug|Any CPU.ActiveCfg = Debug|Any CPU
		{3EA7819D-6430-4F46-9CD2-4C9BA94C4D34}.Debug|Any CPU.Build.0 = Debug|Any CPU
		{3EA7819D-6430-4F46-9CD2-4C9BA94C4D34}.Release|Any CPU.ActiveCfg = Release|Any CPU
		{3EA7819D-6430-4F46-9CD2-4C9BA94C4D34}.Release|Any CPU.Build.0 = Release|Any CPU
		{AC9CA136-F8B5-4C44-B264-6F361AC37970}.Debug|Any CPU.ActiveCfg = Debug|Any CPU
		{AC9CA136-F8B5-4C44-B264-6F361AC37970}.Debug|Any CPU.Build.0 = Debug|Any CPU
		{AC9CA136-F8B5-4C44-B264-6F361AC37970}.Release|Any CPU.ActiveCfg = Release|Any CPU
		{AC9CA136-F8B5-4C44-B264-6F361AC37970}.Release|Any CPU.Build.0 = Release|Any CPU
	EndGlobalSection
	GlobalSection(SolutionProperties) = preSolution
		HideSolutionNode = FALSE
	EndGlobalSection
	GlobalSection(NestedProjects) = preSolution
		{68372DE0-CB07-4AB8-B966-6B74F8360FC7} = {0A6862CF-2948-40C7-9EFB-D29CE82E4A72}
		{3EA7819D-6430-4F46-9CD2-4C9BA94C4D34} = {68372DE0-CB07-4AB8-B966-6B74F8360FC7}
		{3CA8F17F-488E-4E76-86A9-4878EE3BDB8B} = {0A6862CF-2948-40C7-9EFB-D29CE82E4A72}
		{AC9CA136-F8B5-4C44-B264-6F361AC37970} = {3CA8F17F-488E-4E76-86A9-4878EE3BDB8B}
	EndGlobalSection
	GlobalSection(ExtensibilityGlobals) = postSolution
		SolutionGuid = {2892CF1A-CA6C-44FB-96F7-F68DBB9CF280}
	EndGlobalSection
EndGlobal
